
Microsoft Visual Studio Solution File, Format Version 12.00
# Visual Studio Version 17
VisualStudioVersion = 17.11.35222.181
MinimumVisualStudioVersion = 10.0.40219.1
Project("{FAE04EC0-301F-11D3-BF4B-00C04F79EFBC}") = "ExpenseTracker", "ExpenseTracker\ExpenseTracker.csproj", "{2BB773BC-CF59-4287-9E9E-F6741C03F72A}"
EndProject
Project("{FAE04EC0-301F-11D3-BF4B-00C04F79EFBC}") = "Entities", "Entities\Entities.csproj", "{1385CB75-68DD-4361-90A6-27335DD7896B}"
EndProject
Project("{FAE04EC0-301F-11D3-BF4B-00C04F79EFBC}") = "ServiceContracts", "ServiceContracts\ServiceContracts.csproj", "{8F1D7E99-795E-49BC-918F-546936496AFD}"
EndProject
Project("{FAE04EC0-301F-11D3-BF4B-00C04F79EFBC}") = "Services", "Services\Services.csproj", "{550836EA-B387-435D-AB84-EB3F07B37260}"
EndProject
Global
	GlobalSection(SolutionConfigurationPlatforms) = preSolution
		Debug|Any CPU = Debug|Any CPU
		Release|Any CPU = Release|Any CPU
	EndGlobalSection
	GlobalSection(ProjectConfigurationPlatforms) = postSolution
		{2BB773BC-CF59-4287-9E9E-F6741C03F72A}.Debug|Any CPU.ActiveCfg = Debug|Any CPU
		{2BB773BC-CF59-4287-9E9E-F6741C03F72A}.Debug|Any CPU.Build.0 = Debug|Any CPU
		{2BB773BC-CF59-4287-9E9E-F6741C03F72A}.Release|Any CPU.ActiveCfg = Release|Any CPU
		{2BB773BC-CF59-4287-9E9E-F6741C03F72A}.Release|Any CPU.Build.0 = Release|Any CPU
		{1385CB75-68DD-4361-90A6-27335DD7896B}.Debug|Any CPU.ActiveCfg = Debug|Any CPU
		{1385CB75-68DD-4361-90A6-27335DD7896B}.Debug|Any CPU.Build.0 = Debug|Any CPU
		{1385CB75-68DD-4361-90A6-27335DD7896B}.Release|Any CPU.ActiveCfg = Release|Any CPU
		{1385CB75-68DD-4361-90A6-27335DD7896B}.Release|Any CPU.Build.0 = Release|Any CPU
		{8F1D7E99-795E-49BC-918F-546936496AFD}.Debug|Any CPU.ActiveCfg = Debug|Any CPU
		{8F1D7E99-795E-49BC-918F-546936496AFD}.Debug|Any CPU.Build.0 = Debug|Any CPU
		{8F1D7E99-795E-49BC-918F-546936496AFD}.Release|Any CPU.ActiveCfg = Release|Any CPU
		{8F1D7E99-795E-49BC-918F-546936496AFD}.Release|Any CPU.Build.0 = Release|Any CPU
		{550836EA-B387-435D-AB84-EB3F07B37260}.Debug|Any CPU.ActiveCfg = Debug|Any CPU
		{550836EA-B387-435D-AB84-EB3F07B37260}.Debug|Any CPU.Build.0 = Debug|Any CPU
		{550836EA-B387-435D-AB84-EB3F07B37260}.Release|Any CPU.ActiveCfg = Release|Any CPU
		{550836EA-B387-435D-AB84-EB3F07B37260}.Release|Any CPU.Build.0 = Release|Any CPU
	EndGlobalSection
	GlobalSection(SolutionProperties) = preSolution
		HideSolutionNode = FALSE
	EndGlobalSection
	GlobalSection(ExtensibilityGlobals) = postSolution
		SolutionGuid = {8E51A4CE-1C7B-462F-8A58-30E7C31D0E58}
	EndGlobalSection
EndGlobal
